{
    "_readme": [
        "This file locks the dependencies of your project to a known state",
        "Read more about it at https://getcomposer.org/doc/01-basic-usage.md#installing-dependencies",
        "This file is @generated automatically"
    ],
    "content-hash": "9c3cb80a2b4bb7de431c6073c34ae7c8",
    "packages": [
        {
            "name": "openaustralia/scraperwiki",
            "version": "dev-morph_defaults",
            "source": {
                "type": "git",
                "url": "https://github.com/openaustralia/scraperwiki-php.git",
                "reference": "e996fe0253bb50330690f5d2bafb66f094dbacb8"
            },
            "require": {
                "ext-pdo_sqlite": "*"
            },
            "type": "library",
            "time": "2014-06-23T01:47:45+00:00"
        }
    ],
    "packages-dev": [],
    "aliases": [],
    "minimum-stability": "stable",
    "stability-flags": {
        "openaustralia/scraperwiki": 20
    },
    "prefer-stable": false,
    "prefer-lowest": false,
    "platform": {
        "php": "~7.1.0",
        "ext-sqlite3": "*",
        "ext-pdo_sqlite": "*",
        "ext-gd": "*",
        "ext-mbstring": "*"
    },
    "platform-dev": []
}
